// !$*UTF8*$!
{
	archiveVersion = 1;
	classes = {
	};
	objectVersion = 56;
	objects = {

/* Begin PBXBuildFile section */
		FC849ACA2C4770340055D629 /* IMDB_Movie_DatabaseApp.swift in Sources */ = {isa = PBXBuildFile; fileRef = FC849AC92C4770340055D629 /* IMDB_Movie_DatabaseApp.swift */; };
		FC849ACC2C4770340055D629 /* ContentView.swift in Sources */ = {isa = PBXBuildFile; fileRef = FC849ACB2C4770340055D629 /* ContentView.swift */; };
		FC849ACE2C4770370055D629 /* Assets.xcassets in Resources */ = {isa = PBXBuildFile; fileRef = FC849ACD2C4770370055D629 /* Assets.xcassets */; };
		FC849AD12C4770380055D629 /* Preview Assets.xcassets in Resources */ = {isa = PBXBuildFile; fileRef = FC849AD02C4770380055D629 /* Preview Assets.xcassets */; };
		FC849AD82C4770D90055D629 /* MoviesViewModal.swift in Sources */ = {isa = PBXBuildFile; fileRef = FC849AD72C4770D90055D629 /* MoviesViewModal.swift */; };
		FC849ADA2C4771340055D629 /* MovieListView.swift in Sources */ = {isa = PBXBuildFile; fileRef = FC849AD92C4771340055D629 /* MovieListView.swift */; };
		FC849ADC2C4774AB0055D629 /* CategoryView.swift in Sources */ = {isa = PBXBuildFile; fileRef = FC849ADB2C4774AB0055D629 /* CategoryView.swift */; };
		FC849ADE2C47775A0055D629 /* MovieDetailView.swift in Sources */ = {isa = PBXBuildFile; fileRef = FC849ADD2C47775A0055D629 /* MovieDetailView.swift */; };
/* End PBXBuildFile section */

/* Begin PBXFileReference section */
		FC849AC62C4770340055D629 /* IMDB-Movie-Database.app */ = {isa = PBXFileReference; explicitFileType = wrapper.application; includeInIndex = 0; path = "IMDB-Movie-Database.app"; sourceTree = BUILT_PRODUCTS_DIR; };
		FC849AC92C4770340055D629 /* IMDB_Movie_DatabaseApp.swift */ = {isa = PBXFileReference; lastKnownFileType = sourcecode.swift; path = IMDB_Movie_DatabaseApp.swift; sourceTree = "<group>"; };
		FC849ACB2C4770340055D629 /* ContentView.swift */ = {isa = PBXFileReference; lastKnownFileType = sourcecode.swift; path = ContentView.swift; sourceTree = "<group>"; };
		FC849ACD2C4770370055D629 /* Assets.xcassets */ = {isa = PBXFileReference; lastKnownFileType = folder.assetcatalog; path = Assets.xcassets; sourceTree = "<group>"; };
		FC849AD02C4770380055D629 /* Preview Assets.xcassets */ = {isa = PBXFileReference; lastKnownFileType = folder.assetcatalog; path = "Preview Assets.xcassets"; sourceTree = "<group>"; };
		FC849AD72C4770D90055D629 /* MoviesViewModal.swift */ = {isa = PBXFileReference; lastKnownFileType = sourcecode.swift; path = MoviesViewModal.swift; sourceTree = "<group>"; };
		FC849AD92C4771340055D629 /* MovieListView.swift */ = {isa = PBXFileReference; lastKnownFileType = sourcecode.swift; path = MovieListView.swift; sourceTree = "<group>"; };
		FC849ADB2C4774AB0055D629 /* CategoryView.swift */ = {isa = PBXFileReference; lastKnownFileType = sourcecode.swift; path = CategoryView.swift; sourceTree = "<group>"; };
		FC849ADD2C47775A0055D629 /* MovieDetailView.swift */ = {isa = PBXFileReference; lastKnownFileType = sourcecode.swift; path = MovieDetailView.swift; sourceTree = "<group>"; };
/* End PBXFileReference section */

/* Begin PBXFrameworksBuildPhase section */
		FC849AC32C4770340055D629 /* Frameworks */ = {
			isa = PBXFrameworksBuildPhase;
			buildActionMask = 2147483647;
			files = (
			);
			runOnlyForDeploymentPostprocessing = 0;
		};
/* End PBXFrameworksBuildPhase section */

/* Begin PBXGroup section */
		FC849ABD2C4770340055D629 = {
			isa = PBXGroup;
			children = (
				FC849AC82C4770340055D629 /* IMDB-Movie-Database */,
				FC849AC72C4770340055D629 /* Products */,
			);
			sourceTree = "<group>";
		};
		FC849AC72C4770340055D629 /* Products */ = {
			isa = PBXGroup;
			children = (
				FC849AC62C4770340055D629 /* IMDB-Movie-Database.app */,
			);
			name = Products;
			sourceTree = "<group>";
		};
		FC849AC82C4770340055D629 /* IMDB-Movie-Database */ = {
			isa = PBXGroup;
			children = (
				FC849AC92C4770340055D629 /* IMDB_Movie_DatabaseApp.swift */,
				FC849ACB2C4770340055D629 /* ContentView.swift */,
				FC849ADD2C47775A0055D629 /* MovieDetailView.swift */,
				FC849AD92C4771340055D629 /* MovieListView.swift */,
				FC849AD72C4770D90055D629 /* MoviesViewModal.swift */,
				FC849ADB2C4774AB0055D629 /* CategoryView.swift */,
				FC849ACD2C4770370055D629 /* Assets.xcassets */,
				FC849ACF2C4770380055D629 /* Preview Content */,
			);
			path = "IMDB-Movie-Database";
			sourceTree = "<group>";
		};
		FC849ACF2C4770380055D629 /* Preview Content */ = {
			isa = PBXGroup;
			children = (
				FC849AD02C4770380055D629 /* Preview Assets.xcassets */,
			);
			path = "Preview Content";
			sourceTree = "<group>";
		};
/* End PBXGroup section */

/* Begin PBXNativeTarget section */
		FC849AC52C4770340055D629 /* IMDB-Movie-Database */ = {
			isa = PBXNativeTarget;
			buildConfigurationList = FC849AD42C4770380055D629 /* Build configuration list for PBXNativeTarget "IMDB-Movie-Database" */;
			buildPhases = (
				FC849AC22C4770340055D629 /* Sources */,
				FC849AC32C4770340055D629 /* Frameworks */,
				FC849AC42C4770340055D629 /* Resources */,
			);
			buildRules = (
			);
			dependencies = (
			);
			name = "IMDB-Movie-Database";
			productName = "IMDB-Movie-Database";
			productReference = FC849AC62C4770340055D629 /* IMDB-Movie-Database.app */;
			productType = "com.apple.product-type.application";
		};
/* End PBXNativeTarget section */

/* Begin PBXProject section */
		FC849ABE2C4770340055D629 /* Project object */ = {
			isa = PBXProject;
			attributes = {
				BuildIndependentTargetsInParallel = 1;
				LastSwiftUpdateCheck = 1520;
				LastUpgradeCheck = 1520;
				TargetAttributes = {
					FC849AC52C4770340055D629 = {
						CreatedOnToolsVersion = 15.2;
					};
				};
			};
			buildConfigurationList = FC849AC12C4770340055D629 /* Build configuration list for PBXProject "IMDB-Movie-Database" */;
			compatibilityVersion = "Xcode 14.0";
			developmentRegion = en;
			hasScannedForEncodings = 0;
			knownRegions = (
				en,
				Base,
			);
			mainGroup = FC849ABD2C4770340055D629;
			productRefGroup = FC849AC72C4770340055D629 /* Products */;
			projectDirPath = "";
			projectRoot = "";
			targets = (
				FC849AC52C4770340055D629 /* IMDB-Movie-Database */,
			);
		};
/* End PBXProject section */

/* Begin PBXResourcesBuildPhase section */
		FC849AC42C4770340055D629 /* Resources */ = {
			isa = PBXResourcesBuildPhase;
			buildActionMask = 2147483647;
			files = (
				FC849AD12C4770380055D629 /* Preview Assets.xcassets in Resources */,
				FC849ACE2C4770370055D629 /* Assets.xcassets in Resources */,
			);
			runOnlyForDeploymentPostprocessing = 0;
		};
/* End PBXResourcesBuildPhase section */

/* Begin PBXSourcesBuildPhase section */
		FC849AC22C4770340055D629 /* Sources */ = {
			isa = PBXSourcesBuildPhase;
			buildActionMask = 2147483647;
			files = (
				FC849ADE2C47775A0055D629 /* MovieDetailView.swift in Sources */,
				FC849AD82C4770D90055D629 /* MoviesViewModal.swift in Sources */,
				FC849ADA2C4771340055D629 /* MovieListView.swift in Sources */,
				FC849ACC2C4770340055D629 /* ContentView.swift in Sources */,
				FC849ACA2C4770340055D629 /* IMDB_Movie_DatabaseApp.swift in Sources */,
				FC849ADC2C4774AB0055D629 /* CategoryView.swift in Sources */,
			);
			runOnlyForDeploymentPostprocessing = 0;
		};
/* End PBXSourcesBuildPhase section */

/* Begin XCBuildConfiguration section */
		FC849AD22C4770380055D629 /* Debug */ = {
			isa = XCBuildConfiguration;
			buildSettings = {
				ALWAYS_SEARCH_USER_PATHS = NO;
				ASSETCATALOG_COMPILER_GENERATE_SWIFT_ASSET_SYMBOL_EXTENSIONS = YES;
				CLANG_ANALYZER_NONNULL = YES;
				CLANG_ANALYZER_NUMBER_OBJECT_CONVERSION = YES_AGGRESSIVE;
				CLANG_CXX_LANGUAGE_STANDARD = "gnu++20";
				CLANG_ENABLE_MODULES = YES;
				CLANG_ENABLE_OBJC_ARC = YES;
				CLANG_ENABLE_OBJC_WEAK = YES;
				CLANG_WARN_BLOCK_CAPTURE_AUTORELEASING = YES;
				CLANG_WARN_BOOL_CONVERSION = YES;
				CLANG_WARN_COMMA = YES;
				CLANG_WARN_CONSTANT_CONVERSION = YES;
				CLANG_WARN_DEPRECATED_OBJC_IMPLEMENTATIONS = YES;
				CLANG_WARN_DIRECT_OBJC_ISA_USAGE = YES_ERROR;
				CLANG_WARN_DOCUMENTATION_COMMENTS = YES;
				CLANG_WARN_EMPTY_BODY = YES;
				CLANG_WARN_ENUM_CONVERSION = YES;
				CLANG_WARN_INFINITE_RECURSION = YES;
				CLANG_WARN_INT_CONVERSION = YES;
				CLANG_WARN_NON_LITERAL_NULL_CONVERSION = YES;
				CLANG_WARN_OBJC_IMPLICIT_RETAIN_SELF = YES;
				CLANG_WARN_OBJC_LITERAL_CONVERSION = YES;
				CLANG_WARN_OBJC_ROOT_CLASS = YES_ERROR;
				CLANG_WARN_QUOTED_INCLUDE_IN_FRAMEWORK_HEADER = YES;
				CLANG_WARN_RANGE_LOOP_ANALYSIS = YES;
				CLANG_WARN_STRICT_PROTOTYPES = YES;
				CLANG_WARN_SUSPICIOUS_MOVE = YES;
				CLANG_WARN_UNGUARDED_AVAILABILITY = YES_AGGRESSIVE;
				CLANG_WARN_UNREACHABLE_CODE = YES;
				CLANG_WARN__DUPLICATE_METHOD_MATCH = YES;
				COPY_PHASE_STRIP = NO;
				DEBUG_INFORMATION_FORMAT = dwarf;
				ENABLE_STRICT_OBJC_MSGSEND = YES;
				ENABLE_TESTABILITY = YES;
				ENABLE_USER_SCRIPT_SANDBOXING = YES;
				GCC_C_LANGUAGE_STANDARD = gnu17;
				GCC_DYNAMIC_NO_PIC = NO;
				GCC_NO_COMMON_BLOCKS = YES;
				GCC_OPTIMIZATION_LEVEL = 0;
				GCC_PREPROCESSOR_DEFINITIONS = (
					"DEBUG=1",
					"$(inherited)",
				);
				GCC_WARN_64_TO_32_BIT_CONVERSION = YES;
				GCC_WARN_ABOUT_RETURN_TYPE = YES_ERROR;
				GCC_WARN_UNDECLARED_SELECTOR = YES;
				GCC_WARN_UNINITIALIZED_AUTOS = YES_AGGRESSIVE;
				GCC_WARN_UNUSED_FUNCTION = YES;
				GCC_WARN_UNUSED_VARIABLE = YES;
				IPHONEOS_DEPLOYMENT_TARGET = 17.2;
				LOCALIZATION_PREFERS_STRING_CATALOGS = YES;
				MTL_ENABLE_DEBUG_INFO = INCLUDE_SOURCE;
				MTL_FAST_MATH = YES;
				ONLY_ACTIVE_ARCH = YES;
				SDKROOT = iphoneos;
				SWIFT_ACTIVE_COMPILATION_CONDITIONS = "DEBUG $(inherited)";
				SWIFT_OPTIMIZATION_LEVEL = "-Onone";
			};
			name = Debug;
		};
		FC849AD32C4770380055D629 /* Release */ = {
			isa = XCBuildConfiguration;
			buildSettings = {
				ALWAYS_SEARCH_USER_PATHS = NO;
				ASSETCATALOG_COMPILER_GENERATE_SWIFT_ASSET_SYMBOL_EXTENSIONS = YES;
				CLANG_ANALYZER_NONNULL = YES;
				CLANG_ANALYZER_NUMBER_OBJECT_CONVERSION = YES_AGGRESSIVE;
				CLANG_CXX_LANGUAGE_STANDARD = "gnu++20";
				CLANG_ENABLE_MODULES = YES;
				CLANG_ENABLE_OBJC_ARC = YES;
				CLANG_ENABLE_OBJC_WEAK = YES;
				CLANG_WARN_BLOCK_CAPTURE_AUTORELEASING = YES;
				CLANG_WARN_BOOL_CONVERSION = YES;
				CLANG_WARN_COMMA = YES;
				CLANG_WARN_CONSTANT_CONVERSION = YES;
				CLANG_WARN_DEPRECATED_OBJC_IMPLEMENTATIONS = YES;
				CLANG_WARN_DIRECT_OBJC_ISA_USAGE = YES_ERROR;
				CLANG_WARN_DOCUMENTATION_COMMENTS = YES;
				CLANG_WARN_EMPTY_BODY = YES;
				CLANG_WARN_ENUM_CONVERSION = YES;
				CLANG_WARN_INFINITE_RECURSION = YES;
				CLANG_WARN_INT_CONVERSION = YES;
				CLANG_WARN_NON_LITERAL_NULL_CONVERSION = YES;
				CLANG_WARN_OBJC_IMPLICIT_RETAIN_SELF = YES;
				CLANG_WARN_OBJC_LITERAL_CONVERSION = YES;
				CLANG_WARN_OBJC_ROOT_CLASS = YES_ERROR;
				CLANG_WARN_QUOTED_INCLUDE_IN_FRAMEWORK_HEADER = YES;
				CLANG_WARN_RANGE_LOOP_ANALYSIS = YES;
				CLANG_WARN_STRICT_PROTOTYPES = YES;
				CLANG_WARN_SUSPICIOUS_MOVE = YES;
				CLANG_WARN_UNGUARDED_AVAILABILITY = YES_AGGRESSIVE;
				CLANG_WARN_UNREACHABLE_CODE = YES;
				CLANG_WARN__DUPLICATE_METHOD_MATCH = YES;
				COPY_PHASE_STRIP = NO;
				DEBUG_INFORMATION_FORMAT = "dwarf-with-dsym";
				ENABLE_NS_ASSERTIONS = NO;
				ENABLE_STRICT_OBJC_MSGSEND = YES;
				ENABLE_USER_SCRIPT_SANDBOXING = YES;
				GCC_C_LANGUAGE_STANDARD = gnu17;
				GCC_NO_COMMON_BLOCKS = YES;
				GCC_WARN_64_TO_32_BIT_CONVERSION = YES;
				GCC_WARN_ABOUT_RETURN_TYPE = YES_ERROR;
				GCC_WARN_UNDECLARED_SELECTOR = YES;
				GCC_WARN_UNINITIALIZED_AUTOS = YES_AGGRESSIVE;
				GCC_WARN_UNUSED_FUNCTION = YES;
				GCC_WARN_UNUSED_VARIABLE = YES;
				IPHONEOS_DEPLOYMENT_TARGET = 17.2;
				LOCALIZATION_PREFERS_STRING_CATALOGS = YES;
				MTL_ENABLE_DEBUG_INFO = NO;
				MTL_FAST_MATH = YES;
				SDKROOT = iphoneos;
				SWIFT_COMPILATION_MODE = wholemodule;
				VALIDATE_PRODUCT = YES;
			};
			name = Release;
		};
		FC849AD52C4770380055D629 /* Debug */ = {
			isa = XCBuildConfiguration;
			buildSettings = {
				ASSETCATALOG_COMPILER_APPICON_NAME = AppIcon;
				ASSETCATALOG_COMPILER_GLOBAL_ACCENT_COLOR_NAME = AccentColor;
				CODE_SIGN_STYLE = Automatic;
				CURRENT_PROJECT_VERSION = 1;
				DEVELOPMENT_ASSET_PATHS = "\"IMDB-Movie-Database/Preview Content\"";
				ENABLE_PREVIEWS = YES;
				GENERATE_INFOPLIST_FILE = YES;
				INFOPLIST_KEY_UIApplicationSceneManifest_Generation = YES;
				INFOPLIST_KEY_UIApplicationSupportsIndirectInputEvents = YES;
				INFOPLIST_KEY_UILaunchScreen_Generation = YES;
				INFOPLIST_KEY_UISupportedInterfaceOrientations_iPad = "UIInterfaceOrientationPortrait UIInterfaceOrientationPortraitUpsideDown UIInterfaceOrientationLandscapeLeft UIInterfaceOrientationLandscapeRight";
				INFOPLIST_KEY_UISupportedInterfaceOrientations_iPhone = "UIInterfaceOrientationPortrait UIInterfaceOrientationLandscapeLeft UIInterfaceOrientationLandscapeRight";
				LD_RUNPATH_SEARCH_PATHS = (
					"$(inherited)",
					"@executable_path/Frameworks",
				);
				MARKETING_VERSION = 1.0;
				PRODUCT_BUNDLE_IDENTIFIER = "com.abhishek.IMDB-Movie-Database";
				PRODUCT_NAME = "$(TARGET_NAME)";
				SWIFT_EMIT_LOC_STRINGS = YES;
				SWIFT_VERSION = 5.0;
				TARGETED_DEVICE_FAMILY = "1,2";
			};
			name = Debug;
		};
		FC849AD62C4770380055D629 /* Release */ = {
			isa = XCBuildConfiguration;
			buildSettings = {
				ASSETCATALOG_COMPILER_APPICON_NAME = AppIcon;
				ASSETCATALOG_COMPILER_GLOBAL_ACCENT_COLOR_NAME = AccentColor;
				CODE_SIGN_STYLE = Automatic;
				CURRENT_PROJECT_VERSION = 1;
				DEVELOPMENT_ASSET_PATHS = "\"IMDB-Movie-Database/Preview Content\"";
				ENABLE_PREVIEWS = YES;
				GENERATE_INFOPLIST_FILE = YES;
				INFOPLIST_KEY_UIApplicationSceneManifest_Generation = YES;
				INFOPLIST_KEY_UIApplicationSupportsIndirectInputEvents = YES;
				INFOPLIST_KEY_UILaunchScreen_Generation = YES;
				INFOPLIST_KEY_UISupportedInterfaceOrientations_iPad = "UIInterfaceOrientationPortrait UIInterfaceOrientationPortraitUpsideDown UIInterfaceOrientationLandscapeLeft UIInterfaceOrientationLandscapeRight";
				INFOPLIST_KEY_UISupportedInterfaceOrientations_iPhone = "UIInterfaceOrientationPortrait UIInterfaceOrientationLandscapeLeft UIInterfaceOrientationLandscapeRight";
				LD_RUNPATH_SEARCH_PATHS = (
					"$(inherited)",
					"@executable_path/Frameworks",
				);
				MARKETING_VERSION = 1.0;
				PRODUCT_BUNDLE_IDENTIFIER = "com.abhishek.IMDB-Movie-Database";
				PRODUCT_NAME = "$(TARGET_NAME)";
				SWIFT_EMIT_LOC_STRINGS = YES;
				SWIFT_VERSION = 5.0;
				TARGETED_DEVICE_FAMILY = "1,2";
			};
			name = Release;
		};
/* End XCBuildConfiguration section */

/* Begin XCConfigurationList section */
		FC849AC12C4770340055D629 /* Build configuration list for PBXProject "IMDB-Movie-Database" */ = {
			isa = XCConfigurationList;
			buildConfigurations = (
				FC849AD22C4770380055D629 /* Debug */,
				FC849AD32C4770380055D629 /* Release */,
			);
			defaultConfigurationIsVisible = 0;
			defaultConfigurationName = Release;
		};
		FC849AD42C4770380055D629 /* Build configuration list for PBXNativeTarget "IMDB-Movie-Database" */ = {
			isa = XCConfigurationList;
			buildConfigurations = (
				FC849AD52C4770380055D629 /* Debug */,
				FC849AD62C4770380055D629 /* Release */,
			);
			defaultConfigurationIsVisible = 0;
			defaultConfigurationName = Release;
		};
/* End XCConfigurationList section */
	};
	rootObject = FC849ABE2C4770340055D629 /* Project object */;
}
